// !$*UTF8*$!
{
	archiveVersion = 1;
	classes = {
	};
	objectVersion = 50;
	objects = {

/* Begin PBXBuildFile section */
		6F3A8BE6243F5A03006FAB4D /* Presenter.swift in Sources */ = {isa = PBXBuildFile; fileRef = 6F3A8BE5243F5A03006FAB4D /* Presenter.swift */; };
		6F3A8BE8243F5A95006FAB4D /* Interactor.swift in Sources */ = {isa = PBXBuildFile; fileRef = 6F3A8BE7243F5A95006FAB4D /* Interactor.swift */; };
		6F3A8BEA243F5ADC006FAB4D /* Router.swift in Sources */ = {isa = PBXBuildFile; fileRef = 6F3A8BE9243F5ADC006FAB4D /* Router.swift */; };
		6F3A8BEC243F5FE3006FAB4D /* BSWTableViewCell.swift in Sources */ = {isa = PBXBuildFile; fileRef = 6F3A8BEB243F5FE3006FAB4D /* BSWTableViewCell.swift */; };
		6FD46E44243F56CB002D3CF0 /* AppDelegate.swift in Sources */ = {isa = PBXBuildFile; fileRef = 6FD46E43243F56CB002D3CF0 /* AppDelegate.swift */; };
		6FD46E46243F56CB002D3CF0 /* SceneDelegate.swift in Sources */ = {isa = PBXBuildFile; fileRef = 6FD46E45243F56CB002D3CF0 /* SceneDelegate.swift */; };
		6FD46E48243F56CB002D3CF0 /* ViewController.swift in Sources */ = {isa = PBXBuildFile; fileRef = 6FD46E47243F56CB002D3CF0 /* ViewController.swift */; };
		6FD46E4B243F56CB002D3CF0 /* Main.storyboard in Resources */ = {isa = PBXBuildFile; fileRef = 6FD46E49243F56CB002D3CF0 /* Main.storyboard */; };
		6FD46E4D243F56CC002D3CF0 /* Assets.xcassets in Resources */ = {isa = PBXBuildFile; fileRef = 6FD46E4C243F56CC002D3CF0 /* Assets.xcassets */; };
		6FD46E50243F56CC002D3CF0 /* LaunchScreen.storyboard in Resources */ = {isa = PBXBuildFile; fileRef = 6FD46E4E243F56CC002D3CF0 /* LaunchScreen.storyboard */; };
		8D911CEB6B0A1772B365EFB6 /* libPods-HomeWork2_4_VIPER_BSW.a in Frameworks */ = {isa = PBXBuildFile; fileRef = 176D9AA014C489AF716E4839 /* libPods-HomeWork2_4_VIPER_BSW.a */; };
/* End PBXBuildFile section */

/* Begin PBXFileReference section */
		176D9AA014C489AF716E4839 /* libPods-HomeWork2_4_VIPER_BSW.a */ = {isa = PBXFileReference; explicitFileType = archive.ar; includeInIndex = 0; path = "libPods-HomeWork2_4_VIPER_BSW.a"; sourceTree = BUILT_PRODUCTS_DIR; };
		3DB72BCE5C2A73533ACD3525 /* Pods-HomeWork2_4_VIPER_BSW.debug.xcconfig */ = {isa = PBXFileReference; includeInIndex = 1; lastKnownFileType = text.xcconfig; name = "Pods-HomeWork2_4_VIPER_BSW.debug.xcconfig"; path = "Target Support Files/Pods-HomeWork2_4_VIPER_BSW/Pods-HomeWork2_4_VIPER_BSW.debug.xcconfig"; sourceTree = "<group>"; };
		4A74E56636D8CAAB55504CD6 /* Pods-HomeWork2_4_VIPER_BSW.release.xcconfig */ = {isa = PBXFileReference; includeInIndex = 1; lastKnownFileType = text.xcconfig; name = "Pods-HomeWork2_4_VIPER_BSW.release.xcconfig"; path = "Target Support Files/Pods-HomeWork2_4_VIPER_BSW/Pods-HomeWork2_4_VIPER_BSW.release.xcconfig"; sourceTree = "<group>"; };
		6F3A8BE5243F5A03006FAB4D /* Presenter.swift */ = {isa = PBXFileReference; lastKnownFileType = sourcecode.swift; path = Presenter.swift; sourceTree = "<group>"; };
		6F3A8BE7243F5A95006FAB4D /* Interactor.swift */ = {isa = PBXFileReference; lastKnownFileType = sourcecode.swift; path = Interactor.swift; sourceTree = "<group>"; };
		6F3A8BE9243F5ADC006FAB4D /* Router.swift */ = {isa = PBXFileReference; lastKnownFileType = sourcecode.swift; path = Router.swift; sourceTree = "<group>"; };
		6F3A8BEB243F5FE3006FAB4D /* BSWTableViewCell.swift */ = {isa = PBXFileReference; lastKnownFileType = sourcecode.swift; path = BSWTableViewCell.swift; sourceTree = "<group>"; };
		6FD46E40243F56CB002D3CF0 /* HomeWork2_4_VIPER_BSW.app */ = {isa = PBXFileReference; explicitFileType = wrapper.application; includeInIndex = 0; path = HomeWork2_4_VIPER_BSW.app; sourceTree = BUILT_PRODUCTS_DIR; };
		6FD46E43243F56CB002D3CF0 /* AppDelegate.swift */ = {isa = PBXFileReference; lastKnownFileType = sourcecode.swift; path = AppDelegate.swift; sourceTree = "<group>"; };
		6FD46E45243F56CB002D3CF0 /* SceneDelegate.swift */ = {isa = PBXFileReference; lastKnownFileType = sourcecode.swift; path = SceneDelegate.swift; sourceTree = "<group>"; };
		6FD46E47243F56CB002D3CF0 /* ViewController.swift */ = {isa = PBXFileReference; lastKnownFileType = sourcecode.swift; path = ViewController.swift; sourceTree = "<group>"; };
		6FD46E4A243F56CB002D3CF0 /* Base */ = {isa = PBXFileReference; lastKnownFileType = file.storyboard; name = Base; path = Base.lproj/Main.storyboard; sourceTree = "<group>"; };
		6FD46E4C243F56CC002D3CF0 /* Assets.xcassets */ = {isa = PBXFileReference; lastKnownFileType = folder.assetcatalog; path = Assets.xcassets; sourceTree = "<group>"; };
		6FD46E4F243F56CC002D3CF0 /* Base */ = {isa = PBXFileReference; lastKnownFileType = file.storyboard; name = Base; path = Base.lproj/LaunchScreen.storyboard; sourceTree = "<group>"; };
		6FD46E51243F56CC002D3CF0 /* Info.plist */ = {isa = PBXFileReference; lastKnownFileType = text.plist.xml; path = Info.plist; sourceTree = "<group>"; };
/* End PBXFileReference section */

/* Begin PBXFrameworksBuildPhase section */
		6FD46E3D243F56CB002D3CF0 /* Frameworks */ = {
			isa = PBXFrameworksBuildPhase;
			buildActionMask = 2147483647;
			files = (
				8D911CEB6B0A1772B365EFB6 /* libPods-HomeWork2_4_VIPER_BSW.a in Frameworks */,
			);
			runOnlyForDeploymentPostprocessing = 0;
		};
/* End PBXFrameworksBuildPhase section */

/* Begin PBXGroup section */
		6704813D3CBE9357E40753A0 /* Frameworks */ = {
			isa = PBXGroup;
			children = (
				176D9AA014C489AF716E4839 /* libPods-HomeWork2_4_VIPER_BSW.a */,
			);
			name = Frameworks;
			sourceTree = "<group>";
		};
		6FD46E37243F56CB002D3CF0 = {
			isa = PBXGroup;
			children = (
				6FD46E42243F56CB002D3CF0 /* HomeWork2_4_VIPER_BSW */,
				6FD46E41243F56CB002D3CF0 /* Products */,
				91A09B04C909CD4A41A44426 /* Pods */,
				6704813D3CBE9357E40753A0 /* Frameworks */,
			);
			sourceTree = "<group>";
		};
		6FD46E41243F56CB002D3CF0 /* Products */ = {
			isa = PBXGroup;
			children = (
				6FD46E40243F56CB002D3CF0 /* HomeWork2_4_VIPER_BSW.app */,
			);
			name = Products;
			sourceTree = "<group>";
		};
		6FD46E42243F56CB002D3CF0 /* HomeWork2_4_VIPER_BSW */ = {
			isa = PBXGroup;
			children = (
				6FD46E43243F56CB002D3CF0 /* AppDelegate.swift */,
				6FD46E45243F56CB002D3CF0 /* SceneDelegate.swift */,
				6FD46E47243F56CB002D3CF0 /* ViewController.swift */,
				6F3A8BE5243F5A03006FAB4D /* Presenter.swift */,
				6F3A8BE7243F5A95006FAB4D /* Interactor.swift */,
				6F3A8BE9243F5ADC006FAB4D /* Router.swift */,
				6FD46E49243F56CB002D3CF0 /* Main.storyboard */,
				6F3A8BEB243F5FE3006FAB4D /* BSWTableViewCell.swift */,
				6FD46E4C243F56CC002D3CF0 /* Assets.xcassets */,
				6FD46E4E243F56CC002D3CF0 /* LaunchScreen.storyboard */,
				6FD46E51243F56CC002D3CF0 /* Info.plist */,
			);
			path = HomeWork2_4_VIPER_BSW;
			sourceTree = "<group>";
		};
		91A09B04C909CD4A41A44426 /* Pods */ = {
			isa = PBXGroup;
			children = (
				3DB72BCE5C2A73533ACD3525 /* Pods-HomeWork2_4_VIPER_BSW.debug.xcconfig */,
				4A74E56636D8CAAB55504CD6 /* Pods-HomeWork2_4_VIPER_BSW.release.xcconfig */,
			);
			path = Pods;
			sourceTree = "<group>";
		};
/* End PBXGroup section */

/* Begin PBXNativeTarget section */
		6FD46E3F243F56CB002D3CF0 /* HomeWork2_4_VIPER_BSW */ = {
			isa = PBXNativeTarget;
			buildConfigurationList = 6FD46E54243F56CC002D3CF0 /* Build configuration list for PBXNativeTarget "HomeWork2_4_VIPER_BSW" */;
			buildPhases = (
				6072832147032C142A1DCC2A /* [CP] Check Pods Manifest.lock */,
				6FD46E3C243F56CB002D3CF0 /* Sources */,
				6FD46E3D243F56CB002D3CF0 /* Frameworks */,
				6FD46E3E243F56CB002D3CF0 /* Resources */,
			);
			buildRules = (
			);
			dependencies = (
			);
			name = HomeWork2_4_VIPER_BSW;
			productName = HomeWork2_4_VIPER_BSW;
			productReference = 6FD46E40243F56CB002D3CF0 /* HomeWork2_4_VIPER_BSW.app */;
			productType = "com.apple.product-type.application";
		};
/* End PBXNativeTarget section */

/* Begin PBXProject section */
		6FD46E38243F56CB002D3CF0 /* Project object */ = {
			isa = PBXProject;
			attributes = {
				LastSwiftUpdateCheck = 1140;
				LastUpgradeCheck = 1140;
				ORGANIZATIONNAME = "Roman Kuzmich Home Dev";
				TargetAttributes = {
					6FD46E3F243F56CB002D3CF0 = {
						CreatedOnToolsVersion = 11.4;
					};
				};
			};
			buildConfigurationList = 6FD46E3B243F56CB002D3CF0 /* Build configuration list for PBXProject "HomeWork2_4_VIPER_BSW" */;
			compatibilityVersion = "Xcode 9.3";
			developmentRegion = en;
			hasScannedForEncodings = 0;
			knownRegions = (
				en,
				Base,
			);
			mainGroup = 6FD46E37243F56CB002D3CF0;
			productRefGroup = 6FD46E41243F56CB002D3CF0 /* Products */;
			projectDirPath = "";
			projectRoot = "";
			targets = (
				6FD46E3F243F56CB002D3CF0 /* HomeWork2_4_VIPER_BSW */,
			);
		};
/* End PBXProject section */

/* Begin PBXResourcesBuildPhase section */
		6FD46E3E243F56CB002D3CF0 /* Resources */ = {
			isa = PBXResourcesBuildPhase;
			buildActionMask = 2147483647;
			files = (
				6FD46E50243F56CC002D3CF0 /* LaunchScreen.storyboard in Resources */,
				6FD46E4D243F56CC002D3CF0 /* Assets.xcassets in Resources */,
				6FD46E4B243F56CB002D3CF0 /* Main.storyboard in Resources */,
			);
			runOnlyForDeploymentPostprocessing = 0;
		};
/* End PBXResourcesBuildPhase section */

/* Begin PBXShellScriptBuildPhase section */
		6072832147032C142A1DCC2A /* [CP] Check Pods Manifest.lock */ = {
			isa = PBXShellScriptBuildPhase;
			buildActionMask = 2147483647;
			files = (
			);
			inputFileListPaths = (
			);
			inputPaths = (
				"${PODS_PODFILE_DIR_PATH}/Podfile.lock",
				"${PODS_ROOT}/Manifest.lock",
			);
			name = "[CP] Check Pods Manifest.lock";
			outputFileListPaths = (
			);
			outputPaths = (
				"$(DERIVED_FILE_DIR)/Pods-HomeWork2_4_VIPER_BSW-checkManifestLockResult.txt",
			);
			runOnlyForDeploymentPostprocessing = 0;
			shellPath = /bin/sh;
			shellScript = "diff \"${PODS_PODFILE_DIR_PATH}/Podfile.lock\" \"${PODS_ROOT}/Manifest.lock\" > /dev/null\nif [ $? != 0 ] ; then\n    # print error to STDERR\n    echo \"error: The sandbox is not in sync with the Podfile.lock. Run 'pod install' or update your CocoaPods installation.\" >&2\n    exit 1\nfi\n# This output is used by Xcode 'outputs' to avoid re-running this script phase.\necho \"SUCCESS\" > \"${SCRIPT_OUTPUT_FILE_0}\"\n";
			showEnvVarsInLog = 0;
		};
/* End PBXShellScriptBuildPhase section */

/* Begin PBXSourcesBuildPhase section */
		6FD46E3C243F56CB002D3CF0 /* Sources */ = {
			isa = PBXSourcesBuildPhase;
			buildActionMask = 2147483647;
			files = (
				6FD46E48243F56CB002D3CF0 /* ViewController.swift in Sources */,
				6FD46E44243F56CB002D3CF0 /* AppDelegate.swift in Sources */,
				6F3A8BE8243F5A95006FAB4D /* Interactor.swift in Sources */,
				6F3A8BE6243F5A03006FAB4D /* Presenter.swift in Sources */,
				6F3A8BEA243F5ADC006FAB4D /* Router.swift in Sources */,
				6FD46E46243F56CB002D3CF0 /* SceneDelegate.swift in Sources */,
				6F3A8BEC243F5FE3006FAB4D /* BSWTableViewCell.swift in Sources */,
			);
			runOnlyForDeploymentPostprocessing = 0;
		};
/* End PBXSourcesBuildPhase section */

/* Begin PBXVariantGroup section */
		6FD46E49243F56CB002D3CF0 /* Main.storyboard */ = {
			isa = PBXVariantGroup;
			children = (
				6FD46E4A243F56CB002D3CF0 /* Base */,
			);
			name = Main.storyboard;
			sourceTree = "<group>";
		};
		6FD46E4E243F56CC002D3CF0 /* LaunchScreen.storyboard */ = {
			isa = PBXVariantGroup;
			children = (
				6FD46E4F243F56CC002D3CF0 /* Base */,
			);
			name = LaunchScreen.storyboard;
			sourceTree = "<group>";
		};
/* End PBXVariantGroup section */

/* Begin XCBuildConfiguration section */
		6FD46E52243F56CC002D3CF0 /* Debug */ = {
			isa = XCBuildConfiguration;
			buildSettings = {
				ALWAYS_SEARCH_USER_PATHS = NO;
				CLANG_ANALYZER_NONNULL = YES;
				CLANG_ANALYZER_NUMBER_OBJECT_CONVERSION = YES_AGGRESSIVE;
				CLANG_CXX_LANGUAGE_STANDARD = "gnu++14";
				CLANG_CXX_LIBRARY = "libc++";
				CLANG_ENABLE_MODULES = YES;
				CLANG_ENABLE_OBJC_ARC = YES;
				CLANG_ENABLE_OBJC_WEAK = YES;
				CLANG_WARN_BLOCK_CAPTURE_AUTORELEASING = YES;
				CLANG_WARN_BOOL_CONVERSION = YES;
				CLANG_WARN_COMMA = YES;
				CLANG_WARN_CONSTANT_CONVERSION = YES;
				CLANG_WARN_DEPRECATED_OBJC_IMPLEMENTATIONS = YES;
				CLANG_WARN_DIRECT_OBJC_ISA_USAGE = YES_ERROR;
				CLANG_WARN_DOCUMENTATION_COMMENTS = YES;
				CLANG_WARN_EMPTY_BODY = YES;
				CLANG_WARN_ENUM_CONVERSION = YES;
				CLANG_WARN_INFINITE_RECURSION = YES;
				CLANG_WARN_INT_CONVERSION = YES;
				CLANG_WARN_NON_LITERAL_NULL_CONVERSION = YES;
				CLANG_WARN_OBJC_IMPLICIT_RETAIN_SELF = YES;
				CLANG_WARN_OBJC_LITERAL_CONVERSION = YES;
				CLANG_WARN_OBJC_ROOT_CLASS = YES_ERROR;
				CLANG_WARN_RANGE_LOOP_ANALYSIS = YES;
				CLANG_WARN_STRICT_PROTOTYPES = YES;
				CLANG_WARN_SUSPICIOUS_MOVE = YES;
				CLANG_WARN_UNGUARDED_AVAILABILITY = YES_AGGRESSIVE;
				CLANG_WARN_UNREACHABLE_CODE = YES;
				CLANG_WARN__DUPLICATE_METHOD_MATCH = YES;
				COPY_PHASE_STRIP = NO;
				DEBUG_INFORMATION_FORMAT = dwarf;
				ENABLE_STRICT_OBJC_MSGSEND = YES;
				ENABLE_TESTABILITY = YES;
				GCC_C_LANGUAGE_STANDARD = gnu11;
				GCC_DYNAMIC_NO_PIC = NO;
				GCC_NO_COMMON_BLOCKS = YES;
				GCC_OPTIMIZATION_LEVEL = 0;
				GCC_PREPROCESSOR_DEFINITIONS = (
					"DEBUG=1",
					"$(inherited)",
				);
				GCC_WARN_64_TO_32_BIT_CONVERSION = YES;
				GCC_WARN_ABOUT_RETURN_TYPE = YES_ERROR;
				GCC_WARN_UNDECLARED_SELECTOR = YES;
				GCC_WARN_UNINITIALIZED_AUTOS = YES_AGGRESSIVE;
				GCC_WARN_UNUSED_FUNCTION = YES;
				GCC_WARN_UNUSED_VARIABLE = YES;
				IPHONEOS_DEPLOYMENT_TARGET = 13.4;
				MTL_ENABLE_DEBUG_INFO = INCLUDE_SOURCE;
				MTL_FAST_MATH = YES;
				ONLY_ACTIVE_ARCH = YES;
				SDKROOT = iphoneos;
				SWIFT_ACTIVE_COMPILATION_CONDITIONS = DEBUG;
				SWIFT_OPTIMIZATION_LEVEL = "-Onone";
			};
			name = Debug;
		};
		6FD46E53243F56CC002D3CF0 /* Release */ = {
			isa = XCBuildConfiguration;
			buildSettings = {
				ALWAYS_SEARCH_USER_PATHS = NO;
				CLANG_ANALYZER_NONNULL = YES;
				CLANG_ANALYZER_NUMBER_OBJECT_CONVERSION = YES_AGGRESSIVE;
				CLANG_CXX_LANGUAGE_STANDARD = "gnu++14";
				CLANG_CXX_LIBRARY = "libc++";
				CLANG_ENABLE_MODULES = YES;
				CLANG_ENABLE_OBJC_ARC = YES;
				CLANG_ENABLE_OBJC_WEAK = YES;
				CLANG_WARN_BLOCK_CAPTURE_AUTORELEASING = YES;
				CLANG_WARN_BOOL_CONVERSION = YES;
				CLANG_WARN_COMMA = YES;
				CLANG_WARN_CONSTANT_CONVERSION = YES;
				CLANG_WARN_DEPRECATED_OBJC_IMPLEMENTATIONS = YES;
				CLANG_WARN_DIRECT_OBJC_ISA_USAGE = YES_ERROR;
				CLANG_WARN_DOCUMENTATION_COMMENTS = YES;
				CLANG_WARN_EMPTY_BODY = YES;
				CLANG_WARN_ENUM_CONVERSION = YES;
				CLANG_WARN_INFINITE_RECURSION = YES;
				CLANG_WARN_INT_CONVERSION = YES;
				CLANG_WARN_NON_LITERAL_NULL_CONVERSION = YES;
				CLANG_WARN_OBJC_IMPLICIT_RETAIN_SELF = YES;
				CLANG_WARN_OBJC_LITERAL_CONVERSION = YES;
				CLANG_WARN_OBJC_ROOT_CLASS = YES_ERROR;
				CLANG_WARN_RANGE_LOOP_ANALYSIS = YES;
				CLANG_WARN_STRICT_PROTOTYPES = YES;
				CLANG_WARN_SUSPICIOUS_MOVE = YES;
				CLANG_WARN_UNGUARDED_AVAILABILITY = YES_AGGRESSIVE;
				CLANG_WARN_UNREACHABLE_CODE = YES;
				CLANG_WARN__DUPLICATE_METHOD_MATCH = YES;
				COPY_PHASE_STRIP = NO;
				DEBUG_INFORMATION_FORMAT = "dwarf-with-dsym";
				ENABLE_NS_ASSERTIONS = NO;
				ENABLE_STRICT_OBJC_MSGSEND = YES;
				GCC_C_LANGUAGE_STANDARD = gnu11;
				GCC_NO_COMMON_BLOCKS = YES;
				GCC_WARN_64_TO_32_BIT_CONVERSION = YES;
				GCC_WARN_ABOUT_RETURN_TYPE = YES_ERROR;
				GCC_WARN_UNDECLARED_SELECTOR = YES;
				GCC_WARN_UNINITIALIZED_AUTOS = YES_AGGRESSIVE;
				GCC_WARN_UNUSED_FUNCTION = YES;
				GCC_WARN_UNUSED_VARIABLE = YES;
				IPHONEOS_DEPLOYMENT_TARGET = 13.4;
				MTL_ENABLE_DEBUG_INFO = NO;
				MTL_FAST_MATH = YES;
				SDKROOT = iphoneos;
				SWIFT_COMPILATION_MODE = wholemodule;
				SWIFT_OPTIMIZATION_LEVEL = "-O";
				VALIDATE_PRODUCT = YES;
			};
			name = Release;
		};
		6FD46E55243F56CC002D3CF0 /* Debug */ = {
			isa = XCBuildConfiguration;
			baseConfigurationReference = 3DB72BCE5C2A73533ACD3525 /* Pods-HomeWork2_4_VIPER_BSW.debug.xcconfig */;
			buildSettings = {
				ASSETCATALOG_COMPILER_APPICON_NAME = AppIcon;
				CODE_SIGN_STYLE = Automatic;
				DEVELOPMENT_TEAM = Y3J9DR9455;
				INFOPLIST_FILE = HomeWork2_4_VIPER_BSW/Info.plist;
				LD_RUNPATH_SEARCH_PATHS = (
					"$(inherited)",
					"@executable_path/Frameworks",
				);
				PRODUCT_BUNDLE_IDENTIFIER = "Skillbox.HomeWork2-4-VIPER-BSW";
				PRODUCT_NAME = "$(TARGET_NAME)";
				SWIFT_VERSION = 5.0;
				TARGETED_DEVICE_FAMILY = "1,2";
			};
			name = Debug;
		};
		6FD46E56243F56CC002D3CF0 /* Release */ = {
			isa = XCBuildConfiguration;
			baseConfigurationReference = 4A74E56636D8CAAB55504CD6 /* Pods-HomeWork2_4_VIPER_BSW.release.xcconfig */;
			buildSettings = {
				ASSETCATALOG_COMPILER_APPICON_NAME = AppIcon;
				CODE_SIGN_STYLE = Automatic;
				DEVELOPMENT_TEAM = Y3J9DR9455;
				INFOPLIST_FILE = HomeWork2_4_VIPER_BSW/Info.plist;
				LD_RUNPATH_SEARCH_PATHS = (
					"$(inherited)",
					"@executable_path/Frameworks",
				);
				PRODUCT_BUNDLE_IDENTIFIER = "Skillbox.HomeWork2-4-VIPER-BSW";
				PRODUCT_NAME = "$(TARGET_NAME)";
				SWIFT_VERSION = 5.0;
				TARGETED_DEVICE_FAMILY = "1,2";
			};
			name = Release;
		};
/* End XCBuildConfiguration section */

/* Begin XCConfigurationList section */
		6FD46E3B243F56CB002D3CF0 /* Build configuration list for PBXProject "HomeWork2_4_VIPER_BSW" */ = {
			isa = XCConfigurationList;
			buildConfigurations = (
				6FD46E52243F56CC002D3CF0 /* Debug */,
				6FD46E53243F56CC002D3CF0 /* Release */,
			);
			defaultConfigurationIsVisible = 0;
			defaultConfigurationName = Release;
		};
		6FD46E54243F56CC002D3CF0 /* Build configuration list for PBXNativeTarget "HomeWork2_4_VIPER_BSW" */ = {
			isa = XCConfigurationList;
			buildConfigurations = (
				6FD46E55243F56CC002D3CF0 /* Debug */,
				6FD46E56243F56CC002D3CF0 /* Release */,
			);
			defaultConfigurationIsVisible = 0;
			defaultConfigurationName = Release;
		};
/* End XCConfigurationList section */
	};
	rootObject = 6FD46E38243F56CB002D3CF0 /* Project object */;
}
